Microsoft Visual Studio Solution File, Format Version 12.00
# Visual Studio Version 17
VisualStudioVersion = 17.0.31903.59
MinimumVisualStudioVersion = 10.0.40219.1
Project("{9A19103F-16F7-32B4-A1A8-8DA5D5DB25E3}") = "TechnoHub.Domain", "src\TechnoHub.Domain\TechnoHub.Domain.csproj", "{1D1B0C4A-7E11-4C2B-9E31-0A9A1D2F0001}"
EndProject
Project("{9A19103F-16F7-32B4-A1A8-8DA5D5DB25E3}") = "TechnoHub.Application", "src\TechnoHub.Application\TechnoHub.Application.csproj", "{1D1B0C4A-7E11-4C2B-9E31-0A9A1D2F0002}"
EndProject
Project("{9A19103F-16F7-32B4-A1A8-8DA5D5DB25E3}") = "TechnoHub.Infrastructure", "src\TechnoHub.Infrastructure\TechnoHub.Infrastructure.csproj", "{1D1B0C4A-7E11-4C2B-9E31-0A9A1D2F0003}"
EndProject
Project("{9A19103F-16F7-32B4-A1A8-8DA5D5DB25E3}") = "TechnoHub.Api", "src\TechnoHub.Api\TechnoHub.Api.csproj", "{1D1B0C4A-7E11-4C2B-9E31-0A9A1D2F0004}"
EndProject
Global
	GlobalSection(SolutionConfigurationPlatforms) = preSolution
		Debug|Any CPU = Debug|Any CPU
		Release|Any CPU = Release|Any CPU
	EndGlobalSection
	GlobalSection(ProjectConfigurationPlatforms) = postSolution
		{1D1B0C4A-7E11-4C2B-9E31-0A9A1D2F0001}.Debug|Any CPU.ActiveCfg = Debug|Any CPU
		{1D1B0C4A-7E11-4C2B-9E31-0A9A1D2F0001}.Debug|Any CPU.Build.0 = Debug|Any CPU
		{1D1B0C4A-7E11-4C2B-9E31-0A9A1D2F0001}.Release|Any CPU.ActiveCfg = Release|Any CPU
		{1D1B0C4A-7E11-4C2B-9E31-0A9A1D2F0001}.Release|Any CPU.Build.0 = Release|Any CPU
		{1D1B0C4A-7E11-4C2B-9E31-0A9A1D2F0002}.Debug|Any CPU.ActiveCfg = Debug|Any CPU
		{1D1B0C4A-7E11-4C2B-9E31-0A9A1D2F0002}.Debug|Any CPU.Build.0 = Debug|Any CPU
		{1D1B0C4A-7E11-4C2B-9E31-0A9A1D2F0002}.Release|Any CPU.ActiveCfg = Release|Any CPU
		{1D1B0C4A-7E11-4C2B-9E31-0A9A1D2F0002}.Release|Any CPU.Build.0 = Release|Any CPU
		{1D1B0C4A-7E11-4C2B-9E31-0A9A1D2F0003}.Debug|Any CPU.ActiveCfg = Debug|Any CPU
		{1D1B0C4A-7E11-4C2B-9E31-0A9A1D2F0003}.Debug|Any CPU.Build.0 = Debug|Any CPU
		{1D1B0C4A-7E11-4C2B-9E31-0A9A1D2F0003}.Release|Any CPU.ActiveCfg = Release|Any CPU
		{1D1B0C4A-7E11-4C2B-9E31-0A9A1D2F0003}.Release|Any CPU.Build.0 = Release|Any CPU
		{1D1B0C4A-7E11-4C2B-9E31-0A9A1D2F0004}.Debug|Any CPU.ActiveCfg = Debug|Any CPU
		{1D1B0C4A-7E11-4C2B-9E31-0A9A1D2F0004}.Debug|Any CPU.Build.0 = Debug|Any CPU
		{1D1B0C4A-7E11-4C2B-9E31-0A9A1D2F0004}.Release|Any CPU.ActiveCfg = Release|Any CPU
		{1D1B0C4A-7E11-4C2B-9E31-0A9A1D2F0004}.Release|Any CPU.Build.0 = Release|Any CPU
	EndGlobalSection
	GlobalSection(SolutionProperties) = preSolution
		HideSolutionNode = FALSE
	EndGlobalSection
	GlobalSection(ExtensibilityGlobals) = postSolution
		SolutionGuid = {1D1B0C4A-7E11-4C2B-9E31-0A9A1D2F0000}
	EndGlobalSection
EndGlobal
